
Microsoft Visual Studio Solution File, Format Version 12.00
# Visual Studio Version 17
VisualStudioVersion = 17.10.35027.167
MinimumVisualStudioVersion = 10.0.40219.1
Project("{9A19103F-16F7-4668-BE54-9A1E7A4F7556}") = "CadastroEquipesConsumidor", "CadastroEquipesConsumidor.csproj", "{0ED83CF1-04DF-4587-866F-CE1B83F95902}"
EndProject
Global
	GlobalSection(SolutionConfigurationPlatforms) = preSolution
		Debug|Any CPU = Debug|Any CPU
		Release|Any CPU = Release|Any CPU
	EndGlobalSection
	GlobalSection(ProjectConfigurationPlatforms) = postSolution
		{0ED83CF1-04DF-4587-866F-CE1B83F95902}.Debug|Any CPU.ActiveCfg = Debug|Any CPU
		{0ED83CF1-04DF-4587-866F-CE1B83F95902}.Debug|Any CPU.Build.0 = Debug|Any CPU
		{0ED83CF1-04DF-4587-866F-CE1B83F95902}.Release|Any CPU.ActiveCfg = Release|Any CPU
		{0ED83CF1-04DF-4587-866F-CE1B83F95902}.Release|Any CPU.Build.0 = Release|Any CPU
	EndGlobalSection
	GlobalSection(SolutionProperties) = preSolution
		HideSolutionNode = FALSE
	EndGlobalSection
	GlobalSection(ExtensibilityGlobals) = postSolution
		SolutionGuid = {CC3ECD1A-4AC8-439C-8D9D-C7818E3BAFF9}
	EndGlobalSection
EndGlobal
